certifi==2026.7.22 \
    --hash=sha256:62f22742b58a1a33014a2b6b706588a8d7e2a88ae7bd1a6ebe8c992928483775 \
    --hash=sha256:741e2c3b351ddf169a738da9f2c048608ff7f2c5cc02f1ebc6b118bb090d5d55
charset-normalizer==3.4.9 \
    --hash=sha256:0327fcd59a935777d83410750c50600ee9571af2846f71ce40f25b13da1ef380 \
    --hash=sha256:03d07803992c6c7bbc976327f34b18b6160327fc81cb82c9d504720ac0be3b62 \
    --hash=sha256:04ce310cb89c15df659582aee80a0603788732a5e017d5bd5c81158106ce249c \
    --hash=sha256:0d861473f743244d349b50f850d10eb87aeb22bbdcc8e64f79273c94af5a8226 \
    --hash=sha256:0e94703ec9684807f20cfb5eed95c70f67f2a8f21ad620146d7b5a13677b93e5 \
    --hash=sha256:0fa1aec2d32bcc03c8fa0f6f1712caad1adc38509f31142112e5c9daf5b9c833 \
    --hash=sha256:16b65ea0f2465b6fb52aa22de5eca612aa964ddfec00a912e26f4656cbef890b \
    --hash=sha256:16d10d789dd9bcca1173c95af82c58433122564b7bc39385124be735a35cbe99 \
    --hash=sha256:19ac87f93086ce37b86e098888555c4b4bc48102279bae3350098c0ed664b501 \
    --hash=sha256:1d22856ffbe153a602df38e4a5464f0b748a54002e0d69ac6d2ad0a197cc99ec \
    --hash=sha256:21e764fd1e70b6a3e205a0e46f3051701f98a8cb3fad66eeb80e48bb502f8698 \
    --hash=sha256:231ddcbb35e2ff8973e1365db41fe0572662893b99a05deb183b68ad4c0c8bd4 \
    --hash=sha256:253a4a220747e8b5faf57ec320c4f5efb0cef05f647420bf267143ec15dba10a \
    --hash=sha256:280081916dc341820640489a66e4696049401ef1cf6dd672f672e70ad915aca3 \
    --hash=sha256:2a441ea71902098ffe78c5abe6c494f44160b4af614ed16c3d9a3b1d17fd8ee2 \
    --hash=sha256:304b13570067b2547562e308af560b3963857b1fa90bd6afd978130130fe2d6a \
    --hash=sha256:32286a2c8d167e897177b673176c1e3e00d4057caf5d2b64eef9a3666b03018e \
    --hash=sha256:33bdcc2a32c0a0e861f60841a512c8acc658c87c2ac59d89e3a46dacf7d866e4 \
    --hash=sha256:375b83ed0aecfce76c16d198fbc21f3b11b337d68662bea0a995046682a11419 \
    --hash=sha256:3c09a49d6cde137258beb3d551994a2927fd35ad5cf96aed573f61bbd67c5f84 \
    --hash=sha256:3d92613ec25e43b05f042302531ec0f00b8445190e43325880cbd6ab7c2581da \
    --hash=sha256:40a126142a56b2dfc0aacbad1de8310cbf60da7656db0e6b16eebd48e3e93519 \
    --hash=sha256:416c229f77e5ea25b3dfd4b582f8d73d7e43c22320302b9ab128a2d3a0b38efe \
    --hash=sha256:432786d3561e69aeeae6c7e8648964ce0ad05736120135601f87ac26b9c83381 \
    --hash=sha256:43b9e366a31fdd1c87d0eb08f579b4a82b723ea54338f040d6b4e518a026ea29 \
    --hash=sha256:440eede837960000d74978f0eba527be106b5b9aee0daf779d395276ed0b0614 \
    --hash=sha256:45b0cc4e3556cd875e09102988d1ab8356c998b596c9fced84547c8138b487a0 \
    --hash=sha256:476743fe6dfe14a2da12e3ac79125dc84a3b2cf8094369a47a1529b0cd8549fe \
    --hash=sha256:4773092f8019072343a7447203308b176e10199920eb02d6195e81bbb3274c29 \
    --hash=sha256:4b3dac63058cc36820b0dd072f89898604e2d39686fe05321729d00d8ac185a0 \
    --hash=sha256:4d1c96a7a18b9690a4d46df09e3e3382406ae3213727cd1019ebade1c4a81917 \
    --hash=sha256:51307f5c71007673a2bf8232ad973483d281e74cb99c8c5a990af1eefa6277d9 \
    --hash=sha256:51447e9aa2684679af07ca5021c3db526e0284347ebf4ffcec1154c3350cfe32 \
    --hash=sha256:58150c9f9b9a552505912d182ccdf26f6396fb6094816ceebcbb20eecabaed94 \
    --hash=sha256:5b10cd92fc5c498b35a8635df6d5a100207f88b63a4dc1de7ef9a548e1e2cd63 \
    --hash=sha256:5e226f6218febc71f6c1fc2fafb91c226f75bdc1d8fb12d66823716e891608fd \
    --hash=sha256:609b3ba8fcc0fb5ab7af00719d0fb6ad0cb518e48e7712d12fd68f1327951198 \
    --hash=sha256:60f44ade2cf573dad7a277e6f8ca9a51a21dda572b13bd7d8539bb3cd5dbedde \
    --hash=sha256:611057cc5d5c0afc743ba8be6bd828c17e0aaa8643f9d0a9b9bb7dea80eb8012 \
    --hash=sha256:6366a16e1a25018694d6a5d784d09b046edc9eac40ea2b54065c3052672516a1 \
    --hash=sha256:65a7ff3f705e57d392f7261b6d0550fe137c3019477431f1c355e0db0a7d3e15 \
    --hash=sha256:673611bbd43f0810bec0b0f028ddeaaa501190339cac411f347ac76917c3ae7b \
    --hash=sha256:67830fc78e67501f47bb950471b2dcb9b35b140084429318e862895a8e89c993 \
    --hash=sha256:68ce9f4d6b26d5ccbf7fd4459bf75f74a0a146677ebba80597df60cbdb20e6f4 \
    --hash=sha256:68e5f26a1ad57ded6d1cfb85331d1c1a195314756471d97758c48498bb4dcdf5 \
    --hash=sha256:69b157c5d3292bcd443faca052f3096f637f1e074b98212a933c074ae23dc3b8 \
    --hash=sha256:75286256590a6320cf106a0d28970d3560aad9ee09aa7b34fb40524792436d35 \
    --hash=sha256:78841cccf1af7b40f6f716338d50c0902dbe88d9f800b3c973b7a9a0a693a642 \
    --hash=sha256:78fa18e436a1a0e58dbd7e02fc4473f3f32cceb12df9dfca542d075961c307d2 \
    --hash=sha256:79580094b00d1789d1f93ea55bc43cb2f611910c72235b7657f3482ddcc1b22d \
    --hash=sha256:7b86a2b16095d250c6f58b3d9b2eee6f4147754344f3dab0922f7c9bf7d226c9 \
    --hash=sha256:83aed2c10721ddd90f68140685391b50811a880af20654c59af6b6c66c40513c \
    --hash=sha256:84fd18bcc17526fc2b3c1af7d2b9217d32c9c04448c16ec693b9b4f1985c3d33 \
    --hash=sha256:871ff67ea1aad4dfd91736464934d56b32dac49f9fbe16cddba36198a7b3a0db \
    --hash=sha256:898f0e9068ca27d37f8e83a5b962821df851532e6c4a7d615c1c033f9da6eedf \
    --hash=sha256:8a79d9f4d8001473a30c163556b3c3bfebec837495a412dde78b51672f6134f9 \
    --hash=sha256:8c041122946b7ba21bb32c45b1aa57b1be35527690aeb3c5c234521085632eee \
    --hash=sha256:90c44bc373b7687f6948b693cceaea1348ae0975d7474746559494468e3c1d84 \
    --hash=sha256:9104ed0bd76a429d46f9ec0dbc9b08ad1d2dcdf2b00a5a0daa1c145329b35b44 \
    --hash=sha256:920079c3f7456fa213e0829ed2073aaa727fd39d889ead5b4f35d0de5460d04f \
    --hash=sha256:93d59d504b230e83c7a843251681959a0b6a9cd76f6e146ce1b8a80eb8739af9 \
    --hash=sha256:9b2aff1c7b3884512b9512c3eaadd9bab39fb45042ffaaa1dd08ff2b9f8109d9 \
    --hash=sha256:9b8e0f3107e2200b76f6054de99016eac3ee6762713587b36baaa7e4bd2ae177 \
    --hash=sha256:9bb41182d93ea91f60b4bc8fbf4c820c69ef8a12ab2d917f3f1834f1acad07e8 \
    --hash=sha256:9cdef90ae47919cae358d8ab15797a800ed41da7aba5d72419fb510729e2ed4b \
    --hash=sha256:a1786910334ed46ab1dd73222f2cd1e05c2c3bb39f6dddb4f8b36fc382058a39 \
    --hash=sha256:a4cfde78a9f2880208d16a93b795726a3017d5977e08d1e162a7a31322479c41 \
    --hash=sha256:a4fbdde9dd4a9ce5fd52c2b3a347bb50cc89483ef783f1cb00d408c13f7a96c0 \
    --hash=sha256:aa99adc8f081b475a12843953db36831eaf83ec33eb46a90629ca6a5de45a616 \
    --hash=sha256:ac351b3b8014eead140e77e9717e2992c6bbe30b63bc3422422eb84865412e3d \
    --hash=sha256:ad41ba96094304aa090f5a30cb6e4fb3b3f1c264c523394b4c39bbacc4dc92ba \
    --hash=sha256:b5314963fce9b0b12743891de876e724997864ee22aa496f903f426c7e2fa5b2 \
    --hash=sha256:bcf74c1df76758a395bf0af608c04c82257523f55c9868b334f06270d0f2112b \
    --hash=sha256:bd47ba7fc3ca94896759ea0109775132d3e7ab921fbf54038e1bab2e46c313c9 \
    --hash=sha256:c0323c9daef75ef2e5083624b4585018a0c9d5e3b40f607eed81a311270b934b \
    --hash=sha256:c1225416b463483160e4af85d5fc3a9690ccb53fd4b1865a6437825f5ede3209 \
    --hash=sha256:c1c948747b03be832dceed96ca815cef7360de9aa19d37c730f8e3f6101aca48 \
    --hash=sha256:c25fe15c70c59eb7c5ce8c06a1f3fa1da0ecc5ea1e7a5922c40fd2fa9b0d5046 \
    --hash=sha256:cc1b0fff8ead343dae06305f954eb8468ba0ec1a97881f42489d198e4ce3c632 \
    --hash=sha256:cd6280cf040f233bd7d3407b743b4b4c74f70e8e1c4199cb112a62c941c0772a \
    --hash=sha256:cd6c3d4b783c556fa00bf540854e42f135e2f256abd29669fcd0da0f2dec79c2 \
    --hash=sha256:d4d6fcde76f94f5cb9e43e9e9a61f16dacefd228cbbf6f1a09bd9b219a92f1a1 \
    --hash=sha256:ddf4af30b417d9fe16481e9b81c27ab2a7cde1ff7ba3e85653b02db7d145dc7b \
    --hash=sha256:df115d4d83168fdf2cae48ef1ff6d1cb4c466364e30861b37121de0f3bf1b990 \
    --hash=sha256:df7276909358e5635ae203673ab7e509ddd224225a8d6b0790bf13eb2bde1cc5 \
    --hash=sha256:e4fd89cc178bced6ad29cb3e6dd4aa63fa5017c3524dbd0b25998fb64a87cc8b \
    --hash=sha256:e9701d0049d92c16703a42771b98d560b95248949f23f8cf7b4eddd201814fb9 \
    --hash=sha256:ee2f2a527e3c1a6e6411eb4209642e138b544a2d72fe5d0d76daf77b24063534 \
    --hash=sha256:f7fb7d750cfa0a070d2c24e831fd3481019a60dd317ea2b39acbcebc08b6ed81 \
    --hash=sha256:f840ed6d8ecba8255df8c42b87fadeda98ddfc6eeec05e2dc66e26d46dd6f58a \
    --hash=sha256:f86c6358749bd4fda175388691e3ba8c46e24c5347d0afd20f9b7edfc9faf07d \
    --hash=sha256:fa36ec09ef71d158186bc79e359ff5fdd6e7996fe8ab638f00d6b93139ba4fcf \
    --hash=sha256:fe2c7201c642b7c308f1675355ad7ff7b66acfe3541625efe5a3ad38f29d6115
filelock==3.19.1 \
    --hash=sha256:66eda1888b0171c998b35be2bcc0f6d75c388a7ce20c3f3f37aa8e96c2dddf58 \
    --hash=sha256:d38e30481def20772f5baf097c122c3babc4fcdb7e14e57049eb9d88c6dc017d
fsspec==2025.10.0 \
    --hash=sha256:7c7712353ae7d875407f97715f0e1ffcc21e33d5b24556cb1e090ae9409ec61d \
    --hash=sha256:b6789427626f068f9a83ca4e8a3cc050850b6c0f71f99ddb4f542b8266a26a59
hf-xet==1.6.0 \
    --hash=sha256:0e6e21fa3cdfcdcd76748564bf593870a5e013f47d97cf10aed63aa222cff5b7 \
    --hash=sha256:23379c2f9ec8696d952b16414a2bae72cad86a52df869b050698ba60f538c675 \
    --hash=sha256:2e58454a340b3556dfa4972d5451aff4fba8dd42a236600ba1a1d2b1514f0fef \
    --hash=sha256:35cec30d75c6f9eb9c16a77cef68e85a103b72e24d4b473714ec9ff06428bab9 \
    --hash=sha256:3dc3e35441ba395006af5aaacc40ef2e603c51ef46c3530b9156185f00935ea3 \
    --hash=sha256:4fc74352a17015bd0ee90038bc9efe38db894cde45f268b6712b04fce8cd0acb \
    --hash=sha256:5153e6bb103ad49d6ea9f1b2e230db5a2ea32551ad09a706d2f61d7c7c80d80e \
    --hash=sha256:5789835d7c6bc9436962853192082374297fb72d7eff7e7762ec25ceb7e25338 \
    --hash=sha256:633dc0cd71d32da58ab8c03ad38e2fac452c15c2b0a2866ebf6ededfe0a5061d \
    --hash=sha256:70cbb9c896901600128cb9b6f06e132954fbede1db30f31f7c6c63f84cb7c31d \
    --hash=sha256:75765820ce4700db3750c94acc8fe27c5fae4c9ec000a0dbac3ca082acf97765 \
    --hash=sha256:8fb4f71cba6129110c3374a33f919001ff130488fc23553698e34cc1c2a1198c \
    --hash=sha256:948f15d3a9545cfe5932f6bd8b440f6ae630aee108f14b7bd6c561f7c2dcc522 \
    --hash=sha256:d62671bb130879cef0ee4c9ebe47a14af6c66ec53e6d84dc15936e5ffdfac82f \
    --hash=sha256:f0906082d9932ae0c0057fa194041c22b4e2cdb46b2592ef3b91f020d62a081a \
    --hash=sha256:f2f7278c05c22fd60cb436cda1269649b3e81db65ecdc8496e5e164aa4143e7b \
    --hash=sha256:fb4fadde1b2b70bf4c0c14a6dccbe7194b1c28947fefd5bbe3fed9d940676c3b
huggingface-hub==0.36.2 \
    --hash=sha256:1934304d2fb224f8afa3b87007d58501acfda9215b334eed53072dd5e815ff7a \
    --hash=sha256:48f0c8eac16145dfce371e9d2d7772854a4f591bcb56c9cf548accf531d54270
idna==3.18 \
    --hash=sha256:7f952cbe720b688055e3f87de14f5c3e5fdaa8bc3928985c4077ca689de849a2 \
    --hash=sha256:ffb385a7e039654cef1ab9ef32c6fafe283c0c0467bba1d9029738ce4a14a848
jinja2==3.1.6 \
    --hash=sha256:0137fb05990d35f1275a587e9aee6d56da821fc83491a0fb838183be43f66d6d \
    --hash=sha256:85ece4451f492d0c13c5dd7c13a64681a86afae63a5f347908daf103ce6d2f67
markupsafe==3.0.3 \
    --hash=sha256:0303439a41979d9e74d18ff5e2dd8c43ed6c6001fd40e5bf2e43f7bd9bbc523f \
    --hash=sha256:068f375c472b3e7acbe2d5318dea141359e6900156b5b2ba06a30b169086b91a \
    --hash=sha256:0bf2a864d67e76e5c9a34dc26ec616a66b9888e25e7b9460e1c76d3293bd9dbf \
    --hash=sha256:0db14f5dafddbb6d9208827849fad01f1a2609380add406671a26386cdf15a19 \
    --hash=sha256:0eb9ff8191e8498cca014656ae6b8d61f39da5f95b488805da4bb029cccbfbaf \
    --hash=sha256:0f4b68347f8c5eab4a13419215bdfd7f8c9b19f2b25520968adfad23eb0ce60c \
    --hash=sha256:1085e7fbddd3be5f89cc898938f42c0b3c711fdcb37d75221de2666af647c175 \
    --hash=sha256:116bb52f642a37c115f517494ea5feb03889e04df47eeff5b130b1808ce7c219 \
    --hash=sha256:12c63dfb4a98206f045aa9563db46507995f7ef6d83b2f68eda65c307c6829eb \
    --hash=sha256:133a43e73a802c5562be9bbcd03d090aa5a1fe899db609c29e8c8d815c5f6de6 \
    --hash=sha256:1353ef0c1b138e1907ae78e2f6c63ff67501122006b0f9abad68fda5f4ffc6ab \
    --hash=sha256:15d939a21d546304880945ca1ecb8a039db6b4dc49b2c5a400387cdae6a62e26 \
    --hash=sha256:177b5253b2834fe3678cb4a5f0059808258584c559193998be2601324fdeafb1 \
    --hash=sha256:1872df69a4de6aead3491198eaf13810b565bdbeec3ae2dc8780f14458ec73ce \
    --hash=sha256:1b4b79e8ebf6b55351f0d91fe80f893b4743f104bff22e90697db1590e47a218 \
    --hash=sha256:1b52b4fb9df4eb9ae465f8d0c228a00624de2334f216f178a995ccdcf82c4634 \
    --hash=sha256:1ba88449deb3de88bd40044603fafffb7bc2b055d626a330323a9ed736661695 \
    --hash=sha256:1cc7ea17a6824959616c525620e387f6dd30fec8cb44f649e31712db02123dad \
    --hash=sha256:218551f6df4868a8d527e3062d0fb968682fe92054e89978594c28e642c43a73 \
    --hash=sha256:26a5784ded40c9e318cfc2bdb30fe164bdb8665ded9cd64d500a34fb42067b1c \
    --hash=sha256:2713baf880df847f2bece4230d4d094280f4e67b1e813eec43b4c0e144a34ffe \
    --hash=sha256:2a15a08b17dd94c53a1da0438822d70ebcd13f8c3a95abe3a9ef9f11a94830aa \
    --hash=sha256:2f981d352f04553a7171b8e44369f2af4055f888dfb147d55e42d29e29e74559 \
    --hash=sha256:32001d6a8fc98c8cb5c947787c5d08b0a50663d139f1305bac5885d98d9b40fa \
    --hash=sha256:3524b778fe5cfb3452a09d31e7b5adefeea8c5be1d43c4f810ba09f2ceb29d37 \
    --hash=sha256:3537e01efc9d4dccdf77221fb1cb3b8e1a38d5428920e0657ce299b20324d758 \
    --hash=sha256:35add3b638a5d900e807944a078b51922212fb3dedb01633a8defc4b01a3c85f \
    --hash=sha256:38664109c14ffc9e7437e86b4dceb442b0096dfe3541d7864d9cbe1da4cf36c8 \
    --hash=sha256:3a7e8ae81ae39e62a41ec302f972ba6ae23a5c5396c8e60113e9066ef893da0d \
    --hash=sha256:3b562dd9e9ea93f13d53989d23a7e775fdfd1066c33494ff43f5418bc8c58a5c \
    --hash=sha256:457a69a9577064c05a97c41f4e65148652db078a3a509039e64d3467b9e7ef97 \
    --hash=sha256:4bd4cd07944443f5a265608cc6aab442e4f74dff8088b0dfc8238647b8f6ae9a \
    --hash=sha256:4e885a3d1efa2eadc93c894a21770e4bc67899e3543680313b09f139e149ab19 \
    --hash=sha256:4faffd047e07c38848ce017e8725090413cd80cbc23d86e55c587bf979e579c9 \
    --hash=sha256:509fa21c6deb7a7a273d629cf5ec029bc209d1a51178615ddf718f5918992ab9 \
    --hash=sha256:5678211cb9333a6468fb8d8be0305520aa073f50d17f089b5b4b477ea6e67fdc \
    --hash=sha256:591ae9f2a647529ca990bc681daebdd52c8791ff06c2bfa05b65163e28102ef2 \
    --hash=sha256:5a7d5dc5140555cf21a6fefbdbf8723f06fcd2f63ef108f2854de715e4422cb4 \
    --hash=sha256:69c0b73548bc525c8cb9a251cddf1931d1db4d2258e9599c28c07ef3580ef354 \
    --hash=sha256:6b5420a1d9450023228968e7e6a9ce57f65d148ab56d2313fcd589eee96a7a50 \
    --hash=sha256:722695808f4b6457b320fdc131280796bdceb04ab50fe1795cd540799ebe1698 \
    --hash=sha256:729586769a26dbceff69f7a7dbbf59ab6572b99d94576a5592625d5b411576b9 \
    --hash=sha256:77f0643abe7495da77fb436f50f8dab76dbc6e5fd25d39589a0f1fe6548bfa2b \
    --hash=sha256:795e7751525cae078558e679d646ae45574b47ed6e7771863fcc079a6171a0fc \
    --hash=sha256:7be7b61bb172e1ed687f1754f8e7484f1c8019780f6f6b0786e76bb01c2ae115 \
    --hash=sha256:7c3fb7d25180895632e5d3148dbdc29ea38ccb7fd210aa27acbd1201a1902c6e \
    --hash=sha256:7e68f88e5b8799aa49c85cd116c932a1ac15caaa3f5db09087854d218359e485 \
    --hash=sha256:83891d0e9fb81a825d9a6d61e3f07550ca70a076484292a70fde82c4b807286f \
    --hash=sha256:8485f406a96febb5140bfeca44a73e3ce5116b2501ac54fe953e488fb1d03b12 \
    --hash=sha256:8709b08f4a89aa7586de0aadc8da56180242ee0ada3999749b183aa23df95025 \
    --hash=sha256:8f71bc33915be5186016f675cd83a1e08523649b0e33efdb898db577ef5bb009 \
    --hash=sha256:915c04ba3851909ce68ccc2b8e2cd691618c4dc4c4232fb7982bca3f41fd8c3d \
    --hash=sha256:949b8d66bc381ee8b007cd945914c721d9aba8e27f71959d750a46f7c282b20b \
    --hash=sha256:94c6f0bb423f739146aec64595853541634bde58b2135f27f61c1ffd1cd4d16a \
    --hash=sha256:9a1abfdc021a164803f4d485104931fb8f8c1efd55bc6b748d2f5774e78b62c5 \
    --hash=sha256:9b79b7a16f7fedff2495d684f2b59b0457c3b493778c9eed31111be64d58279f \
    --hash=sha256:a320721ab5a1aba0a233739394eb907f8c8da5c98c9181d1161e77a0c8e36f2d \
    --hash=sha256:a4afe79fb3de0b7097d81da19090f4df4f8d3a2b3adaa8764138aac2e44f3af1 \
    --hash=sha256:ad2cf8aa28b8c020ab2fc8287b0f823d0a7d8630784c31e9ee5edea20f406287 \
    --hash=sha256:b8512a91625c9b3da6f127803b166b629725e68af71f8184ae7e7d54686a56d6 \
    --hash=sha256:bc51efed119bc9cfdf792cdeaa4d67e8f6fcccab66ed4bfdd6bde3e59bfcbb2f \
    --hash=sha256:bdc919ead48f234740ad807933cdf545180bfbe9342c2bb451556db2ed958581 \
    --hash=sha256:bdd37121970bfd8be76c5fb069c7751683bdf373db1ed6c010162b2a130248ed \
    --hash=sha256:be8813b57049a7dc738189df53d69395eba14fb99345e0a5994914a3864c8a4b \
    --hash=sha256:c0c0b3ade1c0b13b936d7970b1d37a57acde9199dc2aecc4c336773e1d86049c \
    --hash=sha256:c47a551199eb8eb2121d4f0f15ae0f923d31350ab9280078d1e5f12b249e0026 \
    --hash=sha256:c4ffb7ebf07cfe8931028e3e4c85f0357459a3f9f9490886198848f4fa002ec8 \
    --hash=sha256:ccfcd093f13f0f0b7fdd0f198b90053bf7b2f02a3927a30e63f3ccc9df56b676 \
    --hash=sha256:d2ee202e79d8ed691ceebae8e0486bd9a2cd4794cec4824e1c99b6f5009502f6 \
    --hash=sha256:d53197da72cc091b024dd97249dfc7794d6a56530370992a5e1a08983ad9230e \
    --hash=sha256:d6dd0be5b5b189d31db7cda48b91d7e0a9795f31430b7f271219ab30f1d3ac9d \
    --hash=sha256:d88b440e37a16e651bda4c7c2b930eb586fd15ca7406cb39e211fcff3bf3017d \
    --hash=sha256:de8a88e63464af587c950061a5e6a67d3632e36df62b986892331d4620a35c01 \
    --hash=sha256:df2449253ef108a379b8b5d6b43f4b1a8e81a061d6537becd5582fba5f9196d7 \
    --hash=sha256:e1c1493fb6e50ab01d20a22826e57520f1284df32f2d8601fdd90b6304601419 \
    --hash=sha256:e1cf1972137e83c5d4c136c43ced9ac51d0e124706ee1c8aa8532c1287fa8795 \
    --hash=sha256:e2103a929dfa2fcaf9bb4e7c091983a49c9ac3b19c9061b6d5427dd7d14d81a1 \
    --hash=sha256:e56b7d45a839a697b5eb268c82a71bd8c7f6c94d6fd50c3d577fa39a9f1409f5 \
    --hash=sha256:e8afc3f2ccfa24215f8cb28dcf43f0113ac3c37c2f0f0806d8c70e4228c5cf4d \
    --hash=sha256:e8fc20152abba6b83724d7ff268c249fa196d8259ff481f3b1476383f8f24e42 \
    --hash=sha256:eaa9599de571d72e2daf60164784109f19978b327a3910d3e9de8c97b5b70cfe \
    --hash=sha256:ec15a59cf5af7be74194f7ab02d0f59a62bdcf1a537677ce67a2537c9b87fcda \
    --hash=sha256:f190daf01f13c72eac4efd5c430a8de82489d9cff23c364c3ea822545032993e \
    --hash=sha256:f34c41761022dd093b4b6896d4810782ffbabe30f2d443ff5f083e0cbbb8c737 \
    --hash=sha256:f3e98bb3798ead92273dc0e5fd0f31ade220f59a266ffd8a4f6065e0a3ce0523 \
    --hash=sha256:f42d0984e947b8adf7dd6dde396e720934d12c506ce84eea8476409563607591 \
    --hash=sha256:f71a396b3bf33ecaa1626c255855702aca4d3d9fea5e051b41ac59a9c1c41edc \
    --hash=sha256:f9e130248f4462aaa8e2552d547f36ddadbeaa573879158d721bbd33dfe4743a \
    --hash=sha256:fed51ac40f757d41b7c48425901843666a6677e3e8eb0abcff09e4ba6e664f50
mpmath==1.3.0 \
    --hash=sha256:7a28eb2a9774d00c7bc92411c19a89209d5da7c4c9a9e227be8330a23a25b91f \
    --hash=sha256:a0b2b9fe80bbcd81a6647ff13108738cfb482d481d826cc0e02f5b35e5c88d2c
networkx==3.2.1 \
    --hash=sha256:9f1bb5cf3409bf324e0a722c20bdb4c20ee39bf1c30ce8ae499c8502b0b5e0c6 \
    --hash=sha256:f18c69adc97877c42332c170849c96cefa91881c99a7cb3e95b7c659ebdc1ec2
numpy==1.26.4 \
    --hash=sha256:03a8c78d01d9781b28a6989f6fa1bb2c4f2d51201cf99d3dd875df6fbd96b23b \
    --hash=sha256:08beddf13648eb95f8d867350f6a018a4be2e5ad54c8d8caed89ebca558b2818 \
    --hash=sha256:1af303d6b2210eb850fcf03064d364652b7120803a0b872f5211f5234b399f20 \
    --hash=sha256:1dda2e7b4ec9dd512f84935c5f126c8bd8b9f2fc001e9f54af255e8c5f16b0e0 \
    --hash=sha256:2a02aba9ed12e4ac4eb3ea9421c420301a0c6460d9830d74a9df87efa4912010 \
    --hash=sha256:2e4ee3380d6de9c9ec04745830fd9e2eccb3e6cf790d39d7b98ffd19b0dd754a \
    --hash=sha256:3373d5d70a5fe74a2c1bb6d2cfd9609ecf686d47a2d7b1d37a8f3b6bf6003aea \
    --hash=sha256:47711010ad8555514b434df65f7d7b076bb8261df1ca9bb78f53d3b2db02e95c \
    --hash=sha256:4c66707fabe114439db9068ee468c26bbdf909cac0fb58686a42a24de1760c71 \
    --hash=sha256:50193e430acfc1346175fcbdaa28ffec49947a06918b7b92130744e81e640110 \
    --hash=sha256:52b8b60467cd7dd1e9ed082188b4e6bb35aa5cdd01777621a1658910745b90be \
    --hash=sha256:60dedbb91afcbfdc9bc0b1f3f402804070deed7392c23eb7a7f07fa857868e8a \
    --hash=sha256:62b8e4b1e28009ef2846b4c7852046736bab361f7aeadeb6a5b89ebec3c7055a \
    --hash=sha256:666dbfb6ec68962c033a450943ded891bed2d54e6755e35e5835d63f4f6931d5 \
    --hash=sha256:675d61ffbfa78604709862923189bad94014bef562cc35cf61d3a07bba02a7ed \
    --hash=sha256:679b0076f67ecc0138fd2ede3a8fd196dddc2ad3254069bcb9faf9a79b1cebcd \
    --hash=sha256:7349ab0fa0c429c82442a27a9673fc802ffdb7c7775fad780226cb234965e53c \
    --hash=sha256:7ab55401287bfec946ced39700c053796e7cc0e3acbef09993a9ad2adba6ca6e \
    --hash=sha256:7e50d0a0cc3189f9cb0aeb3a6a6af18c16f59f004b866cd2be1c14b36134a4a0 \
    --hash=sha256:95a7476c59002f2f6c590b9b7b998306fba6a5aa646b1e22ddfeaf8f78c3a29c \
    --hash=sha256:96ff0b2ad353d8f990b63294c8986f1ec3cb19d749234014f4e7eb0112ceba5a \
    --hash=sha256:9fad7dcb1aac3c7f0584a5a8133e3a43eeb2fe127f47e3632d43d677c66c102b \
    --hash=sha256:9ff0f4f29c51e2803569d7a51c2304de5554655a60c5d776e35b4a41413830d0 \
    --hash=sha256:a354325ee03388678242a4d7ebcd08b5c727033fcff3b2f536aea978e15ee9e6 \
    --hash=sha256:a4abb4f9001ad2858e7ac189089c42178fcce737e4169dc61321660f1a96c7d2 \
    --hash=sha256:ab47dbe5cc8210f55aa58e4805fe224dac469cde56b9f731a4c098b91917159a \
    --hash=sha256:afedb719a9dcfc7eaf2287b839d8198e06dcd4cb5d276a3df279231138e83d30 \
    --hash=sha256:b3ce300f3644fb06443ee2222c2201dd3a89ea6040541412b8fa189341847218 \
    --hash=sha256:b97fe8060236edf3662adfc2c633f56a08ae30560c56310562cb4f95500022d5 \
    --hash=sha256:bfe25acf8b437eb2a8b2d49d443800a5f18508cd811fea3181723922a8a82b07 \
    --hash=sha256:cd25bcecc4974d09257ffcd1f098ee778f7834c3ad767fe5db785be9a4aa9cb2 \
    --hash=sha256:d209d8969599b27ad20994c8e41936ee0964e6da07478d6c35016bc386b66ad4 \
    --hash=sha256:d5241e0a80d808d70546c697135da2c613f30e28251ff8307eb72ba696945764 \
    --hash=sha256:edd8b5fe47dab091176d21bb6de568acdd906d1887a4584a15a9a96a1dca06ef \
    --hash=sha256:f870204a840a60da0b12273ef34f7051e98c3b5961b61b0c2c1be6dfd64fbcd3 \
    --hash=sha256:ffa75af20b44f8dba823498024771d5ac50620e6915abac414251bd971b4529f
packaging==26.3 \
    --hash=sha256:94edc256424af38762eb31306eed28beb9f0efc50a8837492c9d6fd6004aed79 \
    --hash=sha256:d7193f7c8e4e93f444fde0262bf90af30e16fa0ad0ad44cb553c87339b23cd1c
pyyaml==6.0.3 \
    --hash=sha256:00c4bdeba853cc34e7dd471f16b4114f4162dc03e6b7afcc2128711f0eca823c \
    --hash=sha256:0150219816b6a1fa26fb4699fb7daa9caf09eb1999f3b70fb6e786805e80375a \
    --hash=sha256:02893d100e99e03eda1c8fd5c441d8c60103fd175728e23e431db1b589cf5ab3 \
    --hash=sha256:02ea2dfa234451bbb8772601d7b8e426c2bfa197136796224e50e35a78777956 \
    --hash=sha256:0f29edc409a6392443abf94b9cf89ce99889a1dd5376d94316ae5145dfedd5d6 \
    --hash=sha256:10892704fc220243f5305762e276552a0395f7beb4dbf9b14ec8fd43b57f126c \
    --hash=sha256:16249ee61e95f858e83976573de0f5b2893b3677ba71c9dd36b9cf8be9ac6d65 \
    --hash=sha256:1d37d57ad971609cf3c53ba6a7e365e40660e3be0e5175fa9f2365a379d6095a \
    --hash=sha256:1ebe39cb5fc479422b83de611d14e2c0d3bb2a18bbcb01f229ab3cfbd8fee7a0 \
    --hash=sha256:214ed4befebe12df36bcc8bc2b64b396ca31be9304b8f59e25c11cf94a4c033b \
    --hash=sha256:2283a07e2c21a2aa78d9c4442724ec1eb15f5e42a723b99cb3d822d48f5f7ad1 \
    --hash=sha256:22ba7cfcad58ef3ecddc7ed1db3409af68d023b7f940da23c6c2a1890976eda6 \
    --hash=sha256:27c0abcb4a5dac13684a37f76e701e054692a9b2d3064b70f5e4eb54810553d7 \
    --hash=sha256:28c8d926f98f432f88adc23edf2e6d4921ac26fb084b028c733d01868d19007e \
    --hash=sha256:2e71d11abed7344e42a8849600193d15b6def118602c4c176f748e4583246007 \
    --hash=sha256:34d5fcd24b8445fadc33f9cf348c1047101756fd760b4dacb5c3e99755703310 \
    --hash=sha256:37503bfbfc9d2c40b344d06b2199cf0e96e97957ab1c1b546fd4f87e53e5d3e4 \
    --hash=sha256:3c5677e12444c15717b902a5798264fa7909e41153cdf9ef7ad571b704a63dd9 \
    --hash=sha256:3ff07ec89bae51176c0549bc4c63aa6202991da2d9a6129d7aef7f1407d3f295 \
    --hash=sha256:41715c910c881bc081f1e8872880d3c650acf13dfa8214bad49ed4cede7c34ea \
    --hash=sha256:418cf3f2111bc80e0933b2cd8cd04f286338bb88bdc7bc8e6dd775ebde60b5e0 \
    --hash=sha256:44edc647873928551a01e7a563d7452ccdebee747728c1080d881d68af7b997e \
    --hash=sha256:4a2e8cebe2ff6ab7d1050ecd59c25d4c8bd7e6f400f5f82b96557ac0abafd0ac \
    --hash=sha256:4ad1906908f2f5ae4e5a8ddfce73c320c2a1429ec52eafd27138b7f1cbe341c9 \
    --hash=sha256:501a031947e3a9025ed4405a168e6ef5ae3126c59f90ce0cd6f2bfc477be31b7 \
    --hash=sha256:5190d403f121660ce8d1d2c1bb2ef1bd05b5f68533fc5c2ea899bd15f4399b35 \
    --hash=sha256:5498cd1645aa724a7c71c8f378eb29ebe23da2fc0d7a08071d89469bf1d2defb \
    --hash=sha256:5cf4e27da7e3fbed4d6c3d8e797387aaad68102272f8f9752883bc32d61cb87b \
    --hash=sha256:5e0b74767e5f8c593e8c9b5912019159ed0533c70051e9cce3e8b6aa699fcd69 \
    --hash=sha256:5ed875a24292240029e4483f9d4a4b8a1ae08843b9c54f43fcc11e404532a8a5 \
    --hash=sha256:5fcd34e47f6e0b794d17de1b4ff496c00986e1c83f7ab2fb8fcfe9616ff7477b \
    --hash=sha256:5fdec68f91a0c6739b380c83b951e2c72ac0197ace422360e6d5a959d8d97b2c \
    --hash=sha256:6344df0d5755a2c9a276d4473ae6b90647e216ab4757f8426893b5dd2ac3f369 \
    --hash=sha256:64386e5e707d03a7e172c0701abfb7e10f0fb753ee1d773128192742712a98fd \
    --hash=sha256:652cb6edd41e718550aad172851962662ff2681490a8a711af6a4d288dd96824 \
    --hash=sha256:66291b10affd76d76f54fad28e22e51719ef9ba22b29e1d7d03d6777a9174198 \
    --hash=sha256:66e1674c3ef6f541c35191caae2d429b967b99e02040f5ba928632d9a7f0f065 \
    --hash=sha256:6adc77889b628398debc7b65c073bcb99c4a0237b248cacaf3fe8a557563ef6c \
    --hash=sha256:79005a0d97d5ddabfeeea4cf676af11e647e41d81c9a7722a193022accdb6b7c \
    --hash=sha256:7c6610def4f163542a622a73fb39f534f8c101d690126992300bf3207eab9764 \
    --hash=sha256:7f047e29dcae44602496db43be01ad42fc6f1cc0d8cd6c83d342306c32270196 \
    --hash=sha256:8098f252adfa6c80ab48096053f512f2321f0b998f98150cea9bd23d83e1467b \
    --hash=sha256:850774a7879607d3a6f50d36d04f00ee69e7fc816450e5f7e58d7f17f1ae5c00 \
    --hash=sha256:8d1fab6bb153a416f9aeb4b8763bc0f22a5586065f86f7664fc23339fc1c1fac \
    --hash=sha256:8da9669d359f02c0b91ccc01cac4a67f16afec0dac22c2ad09f46bee0697eba8 \
    --hash=sha256:8dc52c23056b9ddd46818a57b78404882310fb473d63f17b07d5c40421e47f8e \
    --hash=sha256:9149cad251584d5fb4981be1ecde53a1ca46c891a79788c0df828d2f166bda28 \
    --hash=sha256:93dda82c9c22deb0a405ea4dc5f2d0cda384168e466364dec6255b293923b2f3 \
    --hash=sha256:96b533f0e99f6579b3d4d4995707cf36df9100d67e0c8303a0c55b27b5f99bc5 \
    --hash=sha256:9c57bb8c96f6d1808c030b1687b9b5fb476abaa47f0db9c0101f5e9f394e97f4 \
    --hash=sha256:9c7708761fccb9397fe64bbc0395abcae8c4bf7b0eac081e12b809bf47700d0b \
    --hash=sha256:9f3bfb4965eb874431221a3ff3fdcddc7e74e3b07799e0e84ca4a0f867d449bf \
    --hash=sha256:a33284e20b78bd4a18c8c2282d549d10bc8408a2a7ff57653c0cf0b9be0afce5 \
    --hash=sha256:a80cb027f6b349846a3bf6d73b5e95e782175e52f22108cfa17876aaeff93702 \
    --hash=sha256:b30236e45cf30d2b8e7b3e85881719e98507abed1011bf463a8fa23e9c3e98a8 \
    --hash=sha256:b3bc83488de33889877a0f2543ade9f70c67d66d9ebb4ac959502e12de895788 \
    --hash=sha256:b865addae83924361678b652338317d1bd7e79b1f4596f96b96c77a5a34b34da \
    --hash=sha256:b8bb0864c5a28024fac8a632c443c87c5aa6f215c0b126c449ae1a150412f31d \
    --hash=sha256:ba1cc08a7ccde2d2ec775841541641e4548226580ab850948cbfda66a1befcdc \
    --hash=sha256:bdb2c67c6c1390b63c6ff89f210c8fd09d9a1217a465701eac7316313c915e4c \
    --hash=sha256:c1ff362665ae507275af2853520967820d9124984e0f7466736aea23d8611fba \
    --hash=sha256:c2514fceb77bc5e7a2f7adfaa1feb2fb311607c9cb518dbc378688ec73d8292f \
    --hash=sha256:c3355370a2c156cffb25e876646f149d5d68f5e0a3ce86a5084dd0b64a994917 \
    --hash=sha256:c458b6d084f9b935061bc36216e8a69a7e293a2f1e68bf956dcd9e6cbcd143f5 \
    --hash=sha256:d0eae10f8159e8fdad514efdc92d74fd8d682c933a6dd088030f3834bc8e6b26 \
    --hash=sha256:d76623373421df22fb4cf8817020cbb7ef15c725b9d5e45f17e189bfc384190f \
    --hash=sha256:ebc55a14a21cb14062aa4162f906cd962b28e2e9ea38f9b4391244cd8de4ae0b \
    --hash=sha256:eda16858a3cab07b80edaf74336ece1f986ba330fdb8ee0d6c0d68fe82bc96be \
    --hash=sha256:ee2922902c45ae8ccada2c5b501ab86c36525b883eff4255313a253a3160861c \
    --hash=sha256:efd7b85f94a6f21e4932043973a7ba2613b059c4a000551892ac9f1d11f5baf3 \
    --hash=sha256:f7057c9a337546edc7973c0d3ba84ddcdf0daa14533c2065749c9075001090e6 \
    --hash=sha256:fa160448684b4e94d80416c0fa4aac48967a969efe22931448d853ada8baf926 \
    --hash=sha256:fc09d0aa354569bc501d4e787133afc08552722d3ab34836a80547331bb5d4a0
regex==2026.1.15 \
    --hash=sha256:0057de9eaef45783ff69fa94ae9f0fd906d629d0bd4c3217048f46d1daa32e9b \
    --hash=sha256:008b185f235acd1e53787333e5690082e4f156c44c87d894f880056089e9bc7c \
    --hash=sha256:05d75a668e9ea16f832390d22131fe1e8acc8389a694c8febc3e340b0f810b93 \
    --hash=sha256:069f56a7bf71d286a6ff932a9e6fb878f151c998ebb2519a9f6d1cee4bffdba3 \
    --hash=sha256:0751a26ad39d4f2ade8fe16c59b2bf5cb19eb3d2cd543e709e583d559bd9efde \
    --hash=sha256:08df9722d9b87834a3d701f3fca570b2be115654dbfd30179f30ab2f39d606d3 \
    --hash=sha256:0bda75ebcac38d884240914c6c43d8ab5fb82e74cde6da94b43b17c411aa4c2b \
    --hash=sha256:0bf065240704cb8951cc04972cf107063917022511273e0969bdb34fc173456c \
    --hash=sha256:0bf650f26087363434c4e560011f8e4e738f6f3e029b85d4904c50135b86cfa5 \
    --hash=sha256:0dcd31594264029b57bf16f37fd7248a70b3b764ed9e0839a8f271b2d22c0785 \
    --hash=sha256:0f0c7684c7f9ca241344ff95a1de964f257a5251968484270e91c25a755532c5 \
    --hash=sha256:124dc36c85d34ef2d9164da41a53c1c8c122cfb1f6e1ec377a1f27ee81deb794 \
    --hash=sha256:164759aa25575cbc0651bef59a0b18353e54300d79ace8084c818ad8ac72b7d5 \
    --hash=sha256:166551807ec20d47ceaeec380081f843e88c8949780cd42c40f18d16168bed10 \
    --hash=sha256:1704d204bd42b6bb80167df0e4554f35c255b579ba99616def38f69e14a5ccb9 \
    --hash=sha256:18388a62989c72ac24de75f1449d0fb0b04dfccd0a1a7c1c43af5eb503d890f6 \
    --hash=sha256:194312a14819d3e44628a44ed6fea6898fdbecb0550089d84c403475138d0a09 \
    --hash=sha256:1ae6020fb311f68d753b7efa9d4b9a5d47a5d6466ea0d5e3b5a471a960ea6e4a \
    --hash=sha256:1cb740d044aff31898804e7bf1181cc72c03d11dfd19932b9911ffc19a79070a \
    --hash=sha256:1e1808471fbe44c1a63e5f577a1d5f02fe5d66031dcbdf12f093ffc1305a858e \
    --hash=sha256:1e8cd52557603f5c66a548f69421310886b28b7066853089e1a71ee710e1cdc1 \
    --hash=sha256:21ca32c28c30d5d65fc9886ff576fc9b59bbca08933e844fa2363e530f4c8218 \
    --hash=sha256:2748c1ec0663580b4510bd89941a31560b4b439a0b428b49472a3d9944d11cd8 \
    --hash=sha256:27618391db7bdaf87ac6c92b31e8f0dfb83a9de0075855152b720140bda177a2 \
    --hash=sha256:2a8d7b50c34578d0d3bf7ad58cde9652b7d683691876f83aedc002862a35dc5e \
    --hash=sha256:2b091aefc05c78d286657cd4db95f2e6313375ff65dcf085e42e4c04d9c8d410 \
    --hash=sha256:2c2b80399a422348ce5de4fe40c418d6299a0fa2803dd61dc0b1a2f28e280fcf \
    --hash=sha256:2f2775843ca49360508d080eaa87f94fa248e2c946bbcd963bb3aae14f333413 \
    --hash=sha256:3038a62fc7d6e5547b8915a3d927a0fbeef84cdbe0b1deb8c99bbd4a8961b52a \
    --hash=sha256:32655d17905e7ff8ba5c764c43cb124e34a9245e45b83c22e81041e1071aee10 \
    --hash=sha256:343db82cb3712c31ddf720f097ef17c11dab2f67f7a3e7be976c4f82eba4e6df \
    --hash=sha256:3601ffb5375de85a16f407854d11cca8fe3f5febbe3ac78fb2866bb220c74d10 \
    --hash=sha256:3d6ce5ae80066b319ae3bc62fd55a557c9491baa5efd0d355f0de08c4ba54e79 \
    --hash=sha256:3d7d92495f47567a9b1669c51fc8d6d809821849063d168121ef801bbc213846 \
    --hash=sha256:40c86d8046915bb9aeb15d3f3f15b6fd500b8ea4485b30e1bbc799dab3fe29f8 \
    --hash=sha256:4161d87f85fa831e31469bfd82c186923070fc970b9de75339b68f0c75b51903 \
    --hash=sha256:41aef6f953283291c4e4e6850607bd71502be67779586a61472beacb315c97ec \
    --hash=sha256:453078802f1b9e2b7303fb79222c054cb18e76f7bdc220f7530fdc85d319f99e \
    --hash=sha256:492534a0ab925d1db998defc3c302dae3616a2fc3fe2e08db1472348f096ddf2 \
    --hash=sha256:4c5ef43b5c2d4114eb8ea424bb8c9cec01d5d17f242af88b2448f5ee81caadbc \
    --hash=sha256:4c8fcc5793dde01641a35905d6731ee1548f02b956815f8f1cab89e515a5bdf1 \
    --hash=sha256:4def140aa6156bc64ee9912383d4038f3fdd18fee03a6f222abd4de6357ce42a \
    --hash=sha256:4e3dd93c8f9abe8aa4b6c652016da9a3afa190df5ad822907efe6b206c09896e \
    --hash=sha256:505831646c945e3e63552cc1b1b9b514f0e93232972a2d5bedbcc32f15bc82e3 \
    --hash=sha256:5170907244b14303edc5978f522f16c974f32d3aa92109fabc2af52411c9433b \
    --hash=sha256:55b4ea996a8e4458dd7b584a2f89863b1655dd3d17b88b46cbb9becc495a0ec5 \
    --hash=sha256:55e9d0118d97794367309635df398bdfd7c33b93e2fdfa0b239661cd74b4c14e \
    --hash=sha256:56a5595d0f892f214609c9f76b41b7428bed439d98dc961efafdd1354d42baae \
    --hash=sha256:57e7d17f59f9ebfa9667e6e5a1c0127b96b87cb9cede8335482451ed00788ba4 \
    --hash=sha256:5ef19071f4ac9f0834793af85bd04a920b4407715624e40cb7a0631a11137cdf \
    --hash=sha256:5ff818702440a5878a81886f127b80127f5d50563753a28211482867f8318106 \
    --hash=sha256:619843841e220adca114118533a574a9cd183ed8a28b85627d2844c500a2b0db \
    --hash=sha256:621f73a07595d83f28952d7bd1e91e9d1ed7625fb7af0064d3516674ec93a2a2 \
    --hash=sha256:693b465171707bbe882a7a05de5e866f33c76aa449750bee94a8d90463533cc9 \
    --hash=sha256:6bfc31a37fd1592f0c4fc4bfc674b5c42e52efe45b4b7a6a14f334cca4bcebe4 \
    --hash=sha256:6d220a2517f5893f55daac983bfa9fe998a7dbcaee4f5d27a88500f8b7873788 \
    --hash=sha256:6e42844ad64194fa08d5ccb75fe6a459b9b08e6d7296bd704460168d58a388f3 \
    --hash=sha256:726ea4e727aba21643205edad8f2187ec682d3305d790f73b7a51c7587b64bdd \
    --hash=sha256:74f45d170a21df41508cb67165456538425185baaf686281fa210d7e729abc34 \
    --hash=sha256:7dcc02368585334f5bc81fc73a2a6a0bbade60e7d83da21cead622faf408f32c \
    --hash=sha256:7e1e28be779884189cdd57735e997f282b64fd7ccf6e2eef3e16e57d7a34a815 \
    --hash=sha256:7ef7d5d4bd49ec7364315167a4134a015f61e8266c6d446fc116a9ac4456e10d \
    --hash=sha256:8050ba2e3ea1d8731a549e83c18d2f0999fbc99a5f6bd06b4c91449f55291804 \
    --hash=sha256:82345326b1d8d56afbe41d881fdf62f1926d7264b2fc1537f99ae5da9aad7913 \
    --hash=sha256:8355ad842a7c7e9e5e55653eade3b7d1885ba86f124dd8ab1f722f9be6627434 \
    --hash=sha256:86c1077a3cc60d453d4084d5b9649065f3bf1184e22992bd322e1f081d3117fb \
    --hash=sha256:87adf5bd6d72e3e17c9cb59ac4096b1faaf84b7eb3037a5ffa61c4b4370f0f13 \
    --hash=sha256:8db052bbd981e1666f09e957f3790ed74080c2229007c1dd67afdbf0b469c48b \
    --hash=sha256:8dd16fba2758db7a3780a051f245539c4451ca20910f5a5e6ea1c08d06d4a76b \
    --hash=sha256:8e32f7896f83774f91499d239e24cebfadbc07639c1494bb7213983842348337 \
    --hash=sha256:91c5036ebb62663a6b3999bdd2e559fd8456d17e2b485bf509784cd31a8b1705 \
    --hash=sha256:9250d087bc92b7d4899ccd5539a1b2334e44eee85d848c4c1aef8e221d3f8c8f \
    --hash=sha256:9479cae874c81bf610d72b85bb681a94c95722c127b55445285fb0e2c82db8e1 \
    --hash=sha256:968c14d4f03e10b2fd960f1d5168c1f0ac969381d3c1fcc973bc45fb06346599 \
    --hash=sha256:97499ff7862e868b1977107873dd1a06e151467129159a6ffd07b66706ba3a9f \
    --hash=sha256:99ad739c3686085e614bf77a508e26954ff1b8f14da0e3765ff7abbf7799f952 \
    --hash=sha256:9d787e3310c6a6425eb346be4ff2ccf6eece63017916fd77fe8328c57be83521 \
    --hash=sha256:a1774cd1981cd212506a23a14dba7fdeaee259f5deba2df6229966d9911e767a \
    --hash=sha256:a30a68e89e5a218b8b23a52292924c1f4b245cb0c68d1cce9aec9bbda6e2c160 \
    --hash=sha256:adc97a9077c2696501443d8ad3fa1b4fc6d131fc8fd7dfefd1a723f89071cf0a \
    --hash=sha256:b0d190e6f013ea938623a58706d1469a62103fb2a241ce2873a9906e0386582c \
    --hash=sha256:b10e42a6de0e32559a92f2f8dc908478cc0fa02838d7dbe764c44dca3fa13569 \
    --hash=sha256:b2a13dd6a95e95a489ca242319d18fc02e07ceb28fa9ad146385194d95b3c829 \
    --hash=sha256:b30bcbd1e1221783c721483953d9e4f3ab9c5d165aa709693d3f3946747b1aea \
    --hash=sha256:b325d4714c3c48277bfea1accd94e193ad6ed42b4bad79ad64f3b8f8a31260a5 \
    --hash=sha256:b5a28980a926fa810dbbed059547b02783952e2efd9c636412345232ddb87ff6 \
    --hash=sha256:b5f7d8d2867152cdb625e72a530d2ccb48a3d199159144cbdd63870882fb6f80 \
    --hash=sha256:bfb0d6be01fbae8d6655c8ca21b3b72458606c4aec9bbc932db758d47aba6db1 \
    --hash=sha256:bfd876041a956e6a90ad7cdb3f6a630c07d491280bfeed4544053cd434901681 \
    --hash=sha256:c08c1f3e34338256732bd6938747daa3c0d5b251e04b6e43b5813e94d503076e \
    --hash=sha256:c243da3436354f4af6c3058a3f81a97d47ea52c9bd874b52fd30274853a1d5df \
    --hash=sha256:c32bef3e7aeee75746748643667668ef941d28b003bfc89994ecf09a10f7a1b5 \
    --hash=sha256:c661fc820cfb33e166bf2450d3dadbda47c8d8981898adb9b6fe24e5e582ba60 \
    --hash=sha256:c6c4dcdfff2c08509faa15d36ba7e5ef5fcfab25f1e8f85a0c8f45bc3a30725d \
    --hash=sha256:c6c565d9a6e1a8d783c1948937ffc377dd5771e83bd56de8317c450a954d2056 \
    --hash=sha256:c8a154cf6537ebbc110e24dabe53095e714245c272da9c1be05734bdad4a61aa \
    --hash=sha256:c9c08c2fbc6120e70abff5d7f28ffb4d969e14294fb2143b4b5c7d20e46d1714 \
    --hash=sha256:ca89c5e596fc05b015f27561b3793dc2fa0917ea0d7507eebb448efd35274a70 \
    --hash=sha256:cc7cd0b2be0f0269283a45c0d8b2c35e149d1319dcb4a43c9c3689fa935c1ee6 \
    --hash=sha256:cda1ed70d2b264952e88adaa52eea653a33a1b98ac907ae2f86508eb44f65cdc \
    --hash=sha256:cf8ff04c642716a7f2048713ddc6278c5fd41faa3b9cab12607c7abecd012c22 \
    --hash=sha256:cfecdaa4b19f9ca534746eb3b55a5195d5c95b88cac32a205e981ec0a22b7d31 \
    --hash=sha256:d426616dae0967ca225ab12c22274eb816558f2f99ccb4a1d52ca92e8baf180f \
    --hash=sha256:d5eaa4a4c5b1906bd0d2508d68927f15b81821f85092e06f1a34a4254b0e1af3 \
    --hash=sha256:d639a750223132afbfb8f429c60d9d318aeba03281a5f1ab49f877456448dcf1 \
    --hash=sha256:d920392a6b1f353f4aa54328c867fec3320fa50657e25f64abf17af054fc97ac \
    --hash=sha256:d991483606f3dbec93287b9f35596f41aa2e92b7c2ebbb935b63f409e243c9af \
    --hash=sha256:d9ea2604370efc9a174c1b5dcc81784fb040044232150f7f33756049edfc9026 \
    --hash=sha256:dbaf3c3c37ef190439981648ccbf0c02ed99ae066087dd117fcb616d80b010a4 \
    --hash=sha256:dca3582bca82596609959ac39e12b7dad98385b4fefccb1151b937383cec547d \
    --hash=sha256:e3174a5ed4171570dc8318afada56373aa9289eb6dc0d96cceb48e7358b0e220 \
    --hash=sha256:e43a55f378df1e7a4fa3547c88d9a5a9b7113f653a66821bcea4718fe6c58763 \
    --hash=sha256:e69d0deeb977ffe7ed3d2e4439360089f9c3f217ada608f0f88ebd67afb6385e \
    --hash=sha256:e85dc94595f4d766bd7d872a9de5ede1ca8d3063f3bdf1e2c725f5eb411159e3 \
    --hash=sha256:e90b8db97f6f2c97eb045b51a6b2c5ed69cedd8392459e0642d4199b94fabd7e \
    --hash=sha256:e9bf3f0bbdb56633c07d7116ae60a576f846efdd86a8848f8d62b749e1209ca7 \
    --hash=sha256:ea4e6b3566127fda5e007e90a8fd5a4169f0cf0619506ed426db647f19c8454a \
    --hash=sha256:ec94c04149b6a7b8120f9f44565722c7ae31b7a6d2275569d2eefa76b83da3be \
    --hash=sha256:eddf73f41225942c1f994914742afa53dc0d01a6e20fe14b878a1b1edc74151f \
    --hash=sha256:ee6854c9000a10938c79238de2379bea30c82e4925a371711af45387df35cab8 \
    --hash=sha256:ef71d476caa6692eea743ae5ea23cde3260677f70122c4d258ca952e5c2d4e84 \
    --hash=sha256:f052d1be37ef35a54e394de66136e30fa1191fab64f71fc06ac7bc98c9a84618 \
    --hash=sha256:f1862739a1ffb50615c0fde6bae6569b5efbe08d98e59ce009f68a336f64da75 \
    --hash=sha256:f192a831d9575271a22d804ff1a5355355723f94f31d9eef25f0d45a152fdc1a \
    --hash=sha256:f42e68301ff4afee63e365a5fc302b81bb8ba31af625a671d7acb19d10168a8c \
    --hash=sha256:f7792f27d3ee6e0244ea4697d92b825f9a329ab5230a78c1a68bd274e64b5077 \
    --hash=sha256:f82110ab962a541737bd0ce87978d4c658f06e7591ba899192e2712a517badbb \
    --hash=sha256:f9ca1cbdc0fbfe5e6e6f8221ef2309988db5bcede52443aeaee9a4ad555e0dac \
    --hash=sha256:fd65af65e2aaf9474e468f9e571bd7b189e1df3a61caa59dcbabd0000e4ea839 \
    --hash=sha256:fe2fda4110a3d0bc163c2e0664be44657431440722c5c5315c65155cab92f9e5 \
    --hash=sha256:febd38857b09867d3ed3f4f1af7d241c5c50362e25ef43034995b77a50df494e
requests==2.32.5 \
    --hash=sha256:2462f94637a34fd532264295e186976db0f5d453d1cdd31473c85a6a161affb6 \
    --hash=sha256:dbba0bac56e100853db0ea71b82b4dfd5fe2bf6d3754a8893c3af500cec7d7cf
safetensors==0.7.0 \
    --hash=sha256:0071bffba4150c2f46cae1432d31995d77acfd9f8db598b5d1a2ce67e8440ad2 \
    --hash=sha256:07663963b67e8bd9f0b8ad15bb9163606cd27cc5a1b96235a50d8369803b96b0 \
    --hash=sha256:12f49080303fa6bb424b362149a12949dfbbf1e06811a88f2307276b0c131afd \
    --hash=sha256:1d060c70284127fa805085d8f10fbd0962792aed71879d00864acda69dbab981 \
    --hash=sha256:42cb091236206bb2016d245c377ed383aa7f78691748f3bb6ee1bfa51ae2ce6a \
    --hash=sha256:473b32699f4200e69801bf5abf93f1a4ecd432a70984df164fc22ccf39c4a6f3 \
    --hash=sha256:54bef08bf00a2bff599982f6b08e8770e09cc012d7bba00783fc7ea38f1fb37d \
    --hash=sha256:5d72abdb8a4d56d4020713724ba81dac065fedb7f3667151c4a637f1d3fb26c0 \
    --hash=sha256:672132907fcad9f2aedcb705b2d7b3b93354a2aec1b2f706c4db852abe338f85 \
    --hash=sha256:6999421eb8ba9df4450a16d9184fcb7bef26240b9f98e95401f17af6c2210b71 \
    --hash=sha256:7b95a3fa7b3abb9b5b0e07668e808364d0d40f6bbbf9ae0faa8b5b210c97b140 \
    --hash=sha256:8469155f4cb518bafb4acf4865e8bb9d6804110d2d9bdcaa78564b9fd841e104 \
    --hash=sha256:94fd4858284736bb67a897a41608b5b0c2496c9bdb3bf2af1fa3409127f20d57 \
    --hash=sha256:b0f6d66c1c538d5a94a73aa9ddca8ccc4227e6c9ff555322ea40bdd142391dd4 \
    --hash=sha256:c74af94bf3ac15ac4d0f2a7c7b4663a15f8c2ab15ed0fc7531ca61d0835eccba \
    --hash=sha256:c82f4d474cf725255d9e6acf17252991c3c8aac038d6ef363a4bf8be2f6db517 \
    --hash=sha256:cdab83a366799fa730f90a4ebb563e494f28e9e92c4819e556152ad55e43591b \
    --hash=sha256:cfdead2f57330d76aa7234051dadfa7d4eedc0e5a27fd08e6f96714a92b00f09 \
    --hash=sha256:d1239932053f56f3456f32eb9625590cc7582e905021f94636202a864d470755 \
    --hash=sha256:dac7252938f0696ddea46f5e855dd3138444e82236e3be475f54929f0c510d48 \
    --hash=sha256:dc92bc2db7b45bda4510e4f51c59b00fe80b2d6be88928346e4294ce1c2abe7c \
    --hash=sha256:e07d91d0c92a31200f25351f4acb2bc6aff7f48094e13ebb1d0fb995b54b6542 \
    --hash=sha256:f4729811a6640d019a4b7ba8638ee2fd21fa5ca8c7e7bdf0fed62068fcaac737
sympy==1.14.0 \
    --hash=sha256:d3d3fe8df1e5a0b42f0e7bdf50541697dbe7d23746e894990c030e2b05e72517 \
    --hash=sha256:e091cc3e99d2141a0ba2847328f5479b05d94a6635cb96148ccb3f34671bd8f5
tokenizers==0.21.4 \
    --hash=sha256:1340ff877ceedfa937544b7d79f5b7becf33a4cfb58f89b3b49927004ef66f78 \
    --hash=sha256:2107ad649e2cda4488d41dfd031469e9da3fcbfd6183e74e4958fa729ffbf9c6 \
    --hash=sha256:2ccc10a7c3bcefe0f242867dc914fc1226ee44321eb618cfe3019b5df3400133 \
    --hash=sha256:39b376f5a1aee67b4d29032ee85511bbd1b99007ec735f7f35c8a2eb104eade5 \
    --hash=sha256:3c1f4317576e465ac9ef0d165b247825a2a4078bcd01cba6b54b867bdf9fdd8b \
    --hash=sha256:3c73012da95afafdf235ba80047699df4384fdc481527448a078ffd00e45a7d9 \
    --hash=sha256:475d807a5c3eb72c59ad9b5fcdb254f6e17f53dfcbb9903233b0dfa9c943b597 \
    --hash=sha256:51b7eabb104f46c1c50b486520555715457ae833d5aee9ff6ae853d1130506ff \
    --hash=sha256:5e2f601a8e0cd5be5cc7506b20a79112370b9b3e9cb5f13f68ab11acd6ca7d60 \
    --hash=sha256:6c42a930bc5f4c47f4ea775c91de47d27910881902b0f20e4990ebe045a415d0 \
    --hash=sha256:714b05b2e1af1288bd1bc56ce496c4cebb64a20d158ee802887757791191e6e2 \
    --hash=sha256:c212aa4e45ec0bb5274b16b6f31dd3f1c41944025c2358faaa5782c754e84c24 \
    --hash=sha256:cc88bb34e23a54cc42713d6d98af5f1bf79c07653d24fe984d2d695ba2c922a2 \
    --hash=sha256:f23186c40395fc390d27f519679a58023f368a0aad234af145e0f39ad1212732 \
    --hash=sha256:fa23f85fbc9a02ec5c6978da172cdcbac23498c3ca9f3645c5c68740ac007880
torch==2.8.0 \
    --hash=sha256:06fcee8000e5c62a9f3e52a688b9c5abb7c6228d0e56e3452983416025c41381 \
    --hash=sha256:0be92c08b44009d4131d1ff7a8060d10bafdb7ddcb7359ef8d8c5169007ea905 \
    --hash=sha256:1a62a1ec4b0498930e2543535cf70b1bef8c777713de7ceb84cd79115f553767 \
    --hash=sha256:220a06fd7af8b653c35d359dfe1aaf32f65aa85befa342629f716acb134b9710 \
    --hash=sha256:2b2f96814e0345f5a5aed9bf9734efa913678ed19caf6dc2cddb7930672d6128 \
    --hash=sha256:2f4ac52f0130275d7517b03a33d2493bab3693c83dcfadf4f81688ea82147d2e \
    --hash=sha256:5128fe752a355d9308e56af1ad28b15266fe2da5948660fad44de9e3a9e36e8c \
    --hash=sha256:5ae0524688fb6707c57a530c2325e13bb0090b745ba7b4a2cd6a3ce262572916 \
    --hash=sha256:619c2869db3ada2c0105487ba21b5008defcc472d23f8b80ed91ac4a380283b0 \
    --hash=sha256:65616ca8ec6f43245e1f5f296603e33923f4c30f93d65e103d9e50c25b35150b \
    --hash=sha256:659df54119ae03e83a800addc125856effda88b016dfc54d9f65215c3975be16 \
    --hash=sha256:7b677e17f5a3e69fdef7eb3b9da72622f8d322692930297e4ccb52fefc6c8211 \
    --hash=sha256:83c13411a26fac3d101fe8035a6b0476ae606deb8688e904e796a3534c197def \
    --hash=sha256:89aa9ee820bb39d4d72b794345cccef106b574508dd17dbec457949678c76011 \
    --hash=sha256:8c7ef765e27551b2fbfc0f41bcf270e1292d9bf79f8e0724848b1682be6e80aa \
    --hash=sha256:8f0a9d617a66509ded240add3754e462430a6c1fc5589f86c17b433dd808f97a \
    --hash=sha256:a3f16a58a9a800f589b26d47ee15aca3acf065546137fc2af039876135f4c760 \
    --hash=sha256:a7242b86f42be98ac674b88a4988643b9bc6145437ec8f048fea23f72feb5eca \
    --hash=sha256:b2aca0939fb7e4d842561febbd4ffda67a8e958ff725c1c27e244e85e982173c \
    --hash=sha256:c12fa219f51a933d5f80eeb3a7a5d0cbe9168c0a14bbb4055f1979431660879b \
    --hash=sha256:da6afa31c13b669d4ba49d8a2169f0db2c3ec6bec4af898aa714f401d4c38904 \
    --hash=sha256:e2fab4153768d433f8ed9279c8133a114a034a61e77a3a104dcdf54388838705 \
    --hash=sha256:e8e5bf982e87e2b59d932769938b698858c64cc53753894be25629bdf5cf2f46 \
    --hash=sha256:e9f071f5b52a9f6970dc8a919694b27a91ae9dc08898b2b988abbef5eddfd1ae
tqdm==4.70.0 \
    --hash=sha256:55b0b0dbd97462d06ebee91e4dac24ed4d4702be82b24f07e6c1d27e08cea220 \
    --hash=sha256:7f585706bfddbdebf89daac705b2dfcc16890130727d3197ca62c732b4310953
transformers==4.51.3 \
    --hash=sha256:e292fcab3990c6defe6328f0f7d2004283ca81a7a07b2de9a46d67fd81ea1409 \
    --hash=sha256:fd3279633ceb2b777013234bbf0b4f5c2d23c4626b05497691f00cfda55e8a83
typing-extensions==4.16.0 \
    --hash=sha256:481caa481374e813c1b176ada14e97f1f67a4539ce9cfeb3f350d78d6370c2e8 \
    --hash=sha256:dc983d19a509c94dba722ee6abd33940f7c05a89e243c47e907eb4db6f1a43e5
urllib3==2.6.3 \
    --hash=sha256:1b62b6884944a57dbe321509ab94fd4d3b307075e0c2eae991ac71ee15ad38ed \
    --hash=sha256:bf272323e553dfb2e87d9bfd225ca7b0f467b919d7bbd355436d3fd37cb0acd4
